Microsoft Visual Studio Solution File, Format Version 12.00
# Visual Studio Version 17
VisualStudioVersion = 17.5.2.0
MinimumVisualStudioVersion = 10.0.40219.1
Project("{FAE04EC0-301F-11D3-BF4B-00C04F79EFBC}") = "weather-api", "weather-api.csproj", "{04468133-350F-015A-61B1-472CA5E40D53}"
EndProject
Global
	GlobalSection(SolutionConfigurationPlatforms) = preSolution
		Debug|Any CPU = Debug|Any CPU
		Release|Any CPU = Release|Any CPU
	EndGlobalSection
	GlobalSection(ProjectConfigurationPlatforms) = postSolution
		{04468133-350F-015A-61B1-472CA5E40D53}.Debug|Any CPU.ActiveCfg = Debug|Any CPU
		{04468133-350F-015A-61B1-472CA5E40D53}.Debug|Any CPU.Build.0 = Debug|Any CPU
		{04468133-350F-015A-61B1-472CA5E40D53}.Release|Any CPU.ActiveCfg = Release|Any CPU
		{04468133-350F-015A-61B1-472CA5E40D53}.Release|Any CPU.Build.0 = Release|Any CPU
	EndGlobalSection
	GlobalSection(SolutionProperties) = preSolution
		HideSolutionNode = FALSE
	EndGlobalSection
	GlobalSection(ExtensibilityGlobals) = postSolution
		SolutionGuid = {9A243D75-6E32-4B8E-A0C9-9600D603F814}
	EndGlobalSection
EndGlobal
